
Microsoft Visual Studio Solution File, Format Version 12.00
# Visual Studio Version 17
VisualStudioVersion = 17.5.33516.290
MinimumVisualStudioVersion = 10.0.40219.1
Project("{9A19103F-16F7-4668-BE54-9A1E7A4F7556}") = "Basics", "Basics.csproj", "{772CA0BF-5396-4F24-8180-1E914CF2BBC5}"
EndProject
Global
	GlobalSection(SolutionConfigurationPlatforms) = preSolution
		Debug|Any CPU = Debug|Any CPU
		Release|Any CPU = Release|Any CPU
	EndGlobalSection
	GlobalSection(ProjectConfigurationPlatforms) = postSolution
		{772CA0BF-5396-4F24-8180-1E914CF2BBC5}.Debug|Any CPU.ActiveCfg = Debug|Any CPU
		{772CA0BF-5396-4F24-8180-1E914CF2BBC5}.Debug|Any CPU.Build.0 = Debug|Any CPU
		{772CA0BF-5396-4F24-8180-1E914CF2BBC5}.Release|Any CPU.ActiveCfg = Release|Any CPU
		{772CA0BF-5396-4F24-8180-1E914CF2BBC5}.Release|Any CPU.Build.0 = Release|Any CPU
	EndGlobalSection
	GlobalSection(SolutionProperties) = preSolution
		HideSolutionNode = FALSE
	EndGlobalSection
	GlobalSection(ExtensibilityGlobals) = postSolution
		SolutionGuid = {514761D3-AF32-417E-B573-186FD28E11E2}
	EndGlobalSection
EndGlobal
